importers:
  .:
    devDependencies:
      codecov: 3.8.1
    specifiers:
      codecov: ^3.8.1
lockfileVersion: 5.2
packages:
  /@tootallnate/once/1.1.2:
    dev: true
    engines:
      node: '>= 6'
    resolution:
      integrity: sha512-RbzJvlNzmRq5c3O09UipeuXno4tA1FE6ikOjxZK0tuxVv3412l64l5t1W5pj4+rJq9vpkm/kwiR07aZXnsKPxw==
  /agent-base/5.1.1:
    dev: true
    engines:
      node: '>= 6.0.0'
    resolution:
      integrity: sha512-TMeqbNl2fMW0nMjTEPOwe3J/PRFP4vqeoNuQMG0HlMrtm5QxKqdvAkZ1pRBQ/ulIyDD5Yq0nJ7YbdD8ey0TO3g==
  /agent-base/6.0.2:
    dependencies:
      debug: 4.3.1
    dev: true
    engines:
      node: '>= 6.0.0'
    resolution:
      integrity: sha512-RZNwNclF7+MS/8bDg70amg32dyeZGZxiDuQmZxKLAlQjr3jGyLx+4Kkk58UO7D2QdgFIQCovuSuZESne6RG6XQ==
  /argparse/1.0.10:
    dependencies:
      sprintf-js: 1.0.3
    dev: true
    resolution:
      integrity: sha512-o5Roy6tNG4SL/FOkCAN6RzjiakZS25RLYFrcMttJqbdd8BWrnA+fGz57iN5Pb06pvBGvl5gQ0B48dJlslXvoTg==
  /argv/0.0.2:
    dev: true
    engines:
      node: '>=0.6.10'
    resolution:
      integrity: sha1-7L0W+JSbFXGDcRsb2jNPN4QBhas=
  /balanced-match/1.0.0:
    dev: true
    resolution:
      integrity: sha1-ibTRmasr7kneFk6gK4nORi1xt2c=
  /brace-expansion/1.1.11:
    dependencies:
      balanced-match: 1.0.0
      concat-map: 0.0.1
    dev: true
    resolution:
      integrity: sha512-iCuPHDFgrHX7H2vEI/5xpz07zSHB00TpugqhmYtVmMO6518mCuRMoOYFldEBl0g187ufozdaHgWKcYFb61qGiA==
  /codecov/3.8.1:
    dependencies:
      argv: 0.0.2
      ignore-walk: 3.0.3
      js-yaml: 3.14.0
      teeny-request: 6.0.1
      urlgrey: 0.4.4
    dev: true
    engines:
      node: '>=4.0'
    hasBin: true
    resolution:
      integrity: sha512-Qm7ltx1pzLPsliZY81jyaQ80dcNR4/JpcX0IHCIWrHBXgseySqbdbYfkdiXd7o/xmzQpGRVCKGYeTrHUpn6Dcw==
  /concat-map/0.0.1:
    dev: true
    resolution:
      integrity: sha1-2Klr13/Wjfd5OnMDajug1UBdR3s=
  /debug/4.3.1:
    dependencies:
      ms: 2.1.2
    dev: true
    engines:
      node: '>=6.0'
    peerDependencies:
      supports-color: '*'
    peerDependenciesMeta:
      supports-color:
        optional: true
    resolution:
      integrity: sha512-doEwdvm4PCeK4K3RQN2ZC2BYUBaxwLARCqZmMjtF8a51J2Rb0xpVloFRnCODwqjpwnAoao4pelN8l3RJdv3gRQ==
  /esprima/4.0.1:
    dev: true
    engines:
      node: '>=4'
    hasBin: true
    resolution:
      integrity: sha512-eGuFFw7Upda+g4p+QHvnW0RyTX/SVeJBDM/gCtMARO0cLuT2HcEKnTPvhjV6aGeqrCB/sbNop0Kszm0jsaWU4A==
  /http-proxy-agent/4.0.1:
    dependencies:
      '@tootallnate/once': 1.1.2
      agent-base: 6.0.2
      debug: 4.3.1
    dev: true
    engines:
      node: '>= 6'
    resolution:
      integrity: sha512-k0zdNgqWTGA6aeIRVpvfVob4fL52dTfaehylg0Y4UvSySvOq/Y+BOyPrgpUrA7HylqvU8vIZGsRuXmspskV0Tg==
  /https-proxy-agent/4.0.0:
    dependencies:
      agent-base: 5.1.1
      debug: 4.3.1
    dev: true
    engines:
      node: '>= 6.0.0'
    resolution:
      integrity: sha512-zoDhWrkR3of1l9QAL8/scJZyLu8j/gBkcwcaQOZh7Gyh/+uJQzGVETdgT30akuwkpL8HTRfssqI3BZuV18teDg==
  /ignore-walk/3.0.3:
    dependencies:
      minimatch: 3.0.4
    dev: true
    resolution:
      integrity: sha512-m7o6xuOaT1aqheYHKf8W6J5pYH85ZI9w077erOzLje3JsB1gkafkAhHHY19dqjulgIZHFm32Cp5uNZgcQqdJKw==
  /js-yaml/3.14.0:
    dependencies:
      argparse: 1.0.10
      esprima: 4.0.1
    dev: true
    hasBin: true
    resolution:
      integrity: sha512-/4IbIeHcD9VMHFqDR/gQ7EdZdLimOvW2DdcxFjdyyZ9NsbS+ccrXqVWDtab/lRl5AlUqmpBx8EhPaWR+OtY17A==
  /minimatch/3.0.4:
    dependencies:
      brace-expansion: 1.1.11
    dev: true
    resolution:
      integrity: sha512-yJHVQEhyqPLUTgt9B83PXu6W3rx4MvvHvSUvToogpwoGDOUQ+yDrR0HRot+yOCdCO7u4hX3pWft6kWBBcqh0UA==
  /ms/2.1.2:
    dev: true
    resolution:
      integrity: sha512-sGkPx+VjMtmA6MX27oA4FBFELFCZZ4S4XqeGOXCv68tT+jb3vk/RyaKWP0PTKyWtmLSM0b+adUTEvbs1PEaH2w==
  /node-fetch/2.6.1:
    dev: true
    engines:
      node: 4.x || >=6.0.0
    resolution:
      integrity: sha512-V4aYg89jEoVRxRb2fJdAg8FHvI7cEyYdVAh94HH0UIK8oJxUfkjlDQN9RbMx+bEjP7+ggMiFRprSti032Oipxw==
  /sprintf-js/1.0.3:
    dev: true
    resolution:
      integrity: sha1-BOaSb2YolTVPPdAVIDYzuFcpfiw=
  /stream-events/1.0.5:
    dependencies:
      stubs: 3.0.0
    dev: true
    resolution:
      integrity: sha512-E1GUzBSgvct8Jsb3v2X15pjzN1tYebtbLaMg+eBOUOAxgbLoSbT2NS91ckc5lJD1KfLjId+jXJRgo0qnV5Nerg==
  /stubs/3.0.0:
    dev: true
    resolution:
      integrity: sha1-6NK6H6nJBXAwPAMLaQD31fiavls=
  /teeny-request/6.0.1:
    dependencies:
      http-proxy-agent: 4.0.1
      https-proxy-agent: 4.0.0
      node-fetch: 2.6.1
      stream-events: 1.0.5
      uuid: 3.4.0
    dev: true
    resolution:
      integrity: sha512-TAK0c9a00ELOqLrZ49cFxvPVogMUFaWY8dUsQc/0CuQPGF+BOxOQzXfE413BAk2kLomwNplvdtMpeaeGWmoc2g==
  /urlgrey/0.4.4:
    dev: true
    resolution:
      integrity: sha1-iS/pWWCAXoVRnxzUOJ8stMu3ZS8=
  /uuid/3.4.0:
    dev: true
    hasBin: true
    resolution:
      integrity: sha512-HjSDRw6gZE5JMggctHBcjVak08+KEVhSIiDzFnT9S9aegmp85S/bReBVTb4QTFaRNptJ9kuYaNhnbNEOkbKb/A==
